# This file was autogenerated by Stack.
# You should not edit this file by hand.
# For more information, please see the documentation at:
#   https://docs.haskellstack.org/en/stable/lock_files

packages:
- completed:
    hackage: diagnose-2.0.0@sha256:fdd95a13cdb49465f1bd178827cc1090cde1493599c07673acb3e15e517731f5,5721
    pantry-tree:
      size: 1402
      sha256: beb7ddcc72707373126cdfae46097ed849fd10a6965a2e84e49109e4d59b113d
  original:
    hackage: diagnose-2.0.0@sha256:fdd95a13cdb49465f1bd178827cc1090cde1493599c07673acb3e15e517731f5,5721
snapshots:
- completed:
    size: 636747
    url: https://raw.githubusercontent.com/commercialhaskell/stackage-snapshots/master/nightly/2022/9/24.yaml
    sha256: 04167176ceebc070446fb5100c10ccb1c5d55e8b212f92e99dace0aac7dfc1b1
  original: nightly-2022-09-24
