# This file was autogenerated by Stack.
# You should not edit this file by hand.
# For more information, please see the documentation at:
#   https://docs.haskellstack.org/en/stable/lock_files

packages:
- completed:
    hackage: diagnose-2.0.0@sha256:fdd95a13cdb49465f1bd178827cc1090cde1493599c07673acb3e15e517731f5,5721
    pantry-tree:
      size: 1402
      sha256: beb7ddcc72707373126cdfae46097ed849fd10a6965a2e84e49109e4d59b113d
  original:
    hackage: diagnose-2.0.0@sha256:fdd95a13cdb49465f1bd178827cc1090cde1493599c07673acb3e15e517731f5,5721
snapshots:
- completed:
    size: 636749
    url: https://raw.githubusercontent.com/commercialhaskell/stackage-snapshots/master/nightly/2022/9/25.yaml
    sha256: a09269fe3de8e64adf7cac5ac00fa74f1bd773ca85edff96c765f9fbbb40d493
  original: nightly-2022-09-25
