# This file was autogenerated by Stack.
# You should not edit this file by hand.
# For more information, please see the documentation at:
#   https://docs.haskellstack.org/en/stable/lock_files

packages:
- completed:
    hackage: diagnose-2.0.1@sha256:8a9f26ecf5f6706ee5b03e122cb3dd1b95b81143612347f559cf8cbecd3e0e6c,5781
    pantry-tree:
      size: 1402
      sha256: 8d5cb6d72b11069ba4e5c180391bd54e210bae18ede0310110915fd4d8c32152
  original:
    hackage: diagnose-2.0.1
snapshots:
- completed:
    size: 636749
    url: https://raw.githubusercontent.com/commercialhaskell/stackage-snapshots/master/nightly/2022/9/25.yaml
    sha256: a09269fe3de8e64adf7cac5ac00fa74f1bd773ca85edff96c765f9fbbb40d493
  original: nightly-2022-09-25
